// !$*UTF8*$!
{
	archiveVersion = 1;
	classes = {
	};
	objectVersion = 56;
	objects = {

/* Begin PBXBuildFile section */
		443B328C29033A1100C87545 /* WeatherCellView.swift in Sources */ = {isa = PBXBuildFile; fileRef = 443B328B29033A1100C87545 /* WeatherCellView.swift */; };
		443B328E29033BE600C87545 /* WeatherData+Helpers.swift in Sources */ = {isa = PBXBuildFile; fileRef = 443B328D29033BE600C87545 /* WeatherData+Helpers.swift */; };
		443B329029033C4100C87545 /* Locale+Helpers.swift in Sources */ = {isa = PBXBuildFile; fileRef = 443B328F29033C4100C87545 /* Locale+Helpers.swift */; };
		443B329229035F5C00C87545 /* MeasurementFormatter+Helpers.swift in Sources */ = {isa = PBXBuildFile; fileRef = 443B329129035F5C00C87545 /* MeasurementFormatter+Helpers.swift */; };
		449990112900BBCB00A291A0 /* SimpleWeatherApp.swift in Sources */ = {isa = PBXBuildFile; fileRef = 449990102900BBCB00A291A0 /* SimpleWeatherApp.swift */; };
		449990132900BBCB00A291A0 /* ForecastView.swift in Sources */ = {isa = PBXBuildFile; fileRef = 449990122900BBCB00A291A0 /* ForecastView.swift */; };
		449990152900BBCD00A291A0 /* Assets.xcassets in Resources */ = {isa = PBXBuildFile; fileRef = 449990142900BBCD00A291A0 /* Assets.xcassets */; };
		449990182900BBCD00A291A0 /* Preview Assets.xcassets in Resources */ = {isa = PBXBuildFile; fileRef = 449990172900BBCD00A291A0 /* Preview Assets.xcassets */; };
		4499901A2900BBCD00A291A0 /* Persistence.swift in Sources */ = {isa = PBXBuildFile; fileRef = 449990192900BBCD00A291A0 /* Persistence.swift */; };
		4499901D2900BBCD00A291A0 /* SimpleWeather.xcdatamodeld in Sources */ = {isa = PBXBuildFile; fileRef = 4499901B2900BBCD00A291A0 /* SimpleWeather.xcdatamodeld */; };
		449990252900BD3800A291A0 /* ForecastDetailsView.swift in Sources */ = {isa = PBXBuildFile; fileRef = 449990242900BD3800A291A0 /* ForecastDetailsView.swift */; };
		449990272900BD6200A291A0 /* CitiesView.swift in Sources */ = {isa = PBXBuildFile; fileRef = 449990262900BD6200A291A0 /* CitiesView.swift */; };
		449990292900BD7A00A291A0 /* AddCityView.swift in Sources */ = {isa = PBXBuildFile; fileRef = 449990282900BD7A00A291A0 /* AddCityView.swift */; };
		4499902B2900BDA100A291A0 /* API-Config.plist in Resources */ = {isa = PBXBuildFile; fileRef = 4499902A2900BDA100A291A0 /* API-Config.plist */; };
		44A86D812900C48200F8C910 /* APIConfig.swift in Sources */ = {isa = PBXBuildFile; fileRef = 44A86D802900C48200F8C910 /* APIConfig.swift */; };
		44A86D842900C51A00F8C910 /* WeatherClient.swift in Sources */ = {isa = PBXBuildFile; fileRef = 44A86D832900C51A00F8C910 /* WeatherClient.swift */; };
		44A86D862900C70F00F8C910 /* WeatherData.swift in Sources */ = {isa = PBXBuildFile; fileRef = 44A86D852900C70F00F8C910 /* WeatherData.swift */; };
		44A86D892900CDCF00F8C910 /* WeatherLocation+Helpers.swift in Sources */ = {isa = PBXBuildFile; fileRef = 44A86D882900CDCF00F8C910 /* WeatherLocation+Helpers.swift */; };
		F7A96666432A8EE0F167DA63 /* Pods_SimpleWeather.framework in Frameworks */ = {isa = PBXBuildFile; fileRef = 75A7D4989DCC545D5E858FAA /* Pods_SimpleWeather.framework */; };
/* End PBXBuildFile section */

/* Begin PBXFileReference section */
		2C589E7C9EB3E69B0D749659 /* Pods-SimpleWeather.release.xcconfig */ = {isa = PBXFileReference; includeInIndex = 1; lastKnownFileType = text.xcconfig; name = "Pods-SimpleWeather.release.xcconfig"; path = "Target Support Files/Pods-SimpleWeather/Pods-SimpleWeather.release.xcconfig"; sourceTree = "<group>"; };
		443B328B29033A1100C87545 /* WeatherCellView.swift */ = {isa = PBXFileReference; lastKnownFileType = sourcecode.swift; path = WeatherCellView.swift; sourceTree = "<group>"; };
		443B328D29033BE600C87545 /* WeatherData+Helpers.swift */ = {isa = PBXFileReference; lastKnownFileType = sourcecode.swift; path = "WeatherData+Helpers.swift"; sourceTree = "<group>"; };
		443B328F29033C4100C87545 /* Locale+Helpers.swift */ = {isa = PBXFileReference; lastKnownFileType = sourcecode.swift; path = "Locale+Helpers.swift"; sourceTree = "<group>"; };
		443B329129035F5C00C87545 /* MeasurementFormatter+Helpers.swift */ = {isa = PBXFileReference; lastKnownFileType = sourcecode.swift; path = "MeasurementFormatter+Helpers.swift"; sourceTree = "<group>"; };
		4499900D2900BBCB00A291A0 /* SimpleWeather.app */ = {isa = PBXFileReference; explicitFileType = wrapper.application; includeInIndex = 0; path = SimpleWeather.app; sourceTree = BUILT_PRODUCTS_DIR; };
		449990102900BBCB00A291A0 /* SimpleWeatherApp.swift */ = {isa = PBXFileReference; lastKnownFileType = sourcecode.swift; path = SimpleWeatherApp.swift; sourceTree = "<group>"; };
		449990122900BBCB00A291A0 /* ForecastView.swift */ = {isa = PBXFileReference; lastKnownFileType = sourcecode.swift; path = ForecastView.swift; sourceTree = "<group>"; };
		449990142900BBCD00A291A0 /* Assets.xcassets */ = {isa = PBXFileReference; lastKnownFileType = folder.assetcatalog; path = Assets.xcassets; sourceTree = "<group>"; };
		449990172900BBCD00A291A0 /* Preview Assets.xcassets */ = {isa = PBXFileReference; lastKnownFileType = folder.assetcatalog; path = "Preview Assets.xcassets"; sourceTree = "<group>"; };
		449990192900BBCD00A291A0 /* Persistence.swift */ = {isa = PBXFileReference; lastKnownFileType = sourcecode.swift; path = Persistence.swift; sourceTree = "<group>"; };
		4499901C2900BBCD00A291A0 /* SimpleWeather.xcdatamodel */ = {isa = PBXFileReference; lastKnownFileType = wrapper.xcdatamodel; path = SimpleWeather.xcdatamodel; sourceTree = "<group>"; };
		4499901E2900BBCD00A291A0 /* Info.plist */ = {isa = PBXFileReference; lastKnownFileType = text.plist.xml; path = Info.plist; sourceTree = "<group>"; };
		449990242900BD3800A291A0 /* ForecastDetailsView.swift */ = {isa = PBXFileReference; lastKnownFileType = sourcecode.swift; path = ForecastDetailsView.swift; sourceTree = "<group>"; };
		449990262900BD6200A291A0 /* CitiesView.swift */ = {isa = PBXFileReference; lastKnownFileType = sourcecode.swift; path = CitiesView.swift; sourceTree = "<group>"; };
		449990282900BD7A00A291A0 /* AddCityView.swift */ = {isa = PBXFileReference; lastKnownFileType = sourcecode.swift; path = AddCityView.swift; sourceTree = "<group>"; };
		4499902A2900BDA100A291A0 /* API-Config.plist */ = {isa = PBXFileReference; lastKnownFileType = text.plist.xml; path = "API-Config.plist"; sourceTree = "<group>"; };
		44A86D802900C48200F8C910 /* APIConfig.swift */ = {isa = PBXFileReference; lastKnownFileType = sourcecode.swift; path = APIConfig.swift; sourceTree = "<group>"; };
		44A86D832900C51A00F8C910 /* WeatherClient.swift */ = {isa = PBXFileReference; lastKnownFileType = sourcecode.swift; path = WeatherClient.swift; sourceTree = "<group>"; };
		44A86D852900C70F00F8C910 /* WeatherData.swift */ = {isa = PBXFileReference; lastKnownFileType = sourcecode.swift; path = WeatherData.swift; sourceTree = "<group>"; };
		44A86D882900CDCF00F8C910 /* WeatherLocation+Helpers.swift */ = {isa = PBXFileReference; lastKnownFileType = sourcecode.swift; path = "WeatherLocation+Helpers.swift"; sourceTree = "<group>"; };
		75A7D4989DCC545D5E858FAA /* Pods_SimpleWeather.framework */ = {isa = PBXFileReference; explicitFileType = wrapper.framework; includeInIndex = 0; path = Pods_SimpleWeather.framework; sourceTree = BUILT_PRODUCTS_DIR; };
		DBE3C5C60A7A3BA651FC3A27 /* Pods-SimpleWeather.debug.xcconfig */ = {isa = PBXFileReference; includeInIndex = 1; lastKnownFileType = text.xcconfig; name = "Pods-SimpleWeather.debug.xcconfig"; path = "Target Support Files/Pods-SimpleWeather/Pods-SimpleWeather.debug.xcconfig"; sourceTree = "<group>"; };
/* End PBXFileReference section */

/* Begin PBXFrameworksBuildPhase section */
		4499900A2900BBCB00A291A0 /* Frameworks */ = {
			isa = PBXFrameworksBuildPhase;
			buildActionMask = 2147483647;
			files = (
				F7A96666432A8EE0F167DA63 /* Pods_SimpleWeather.framework in Frameworks */,
			);
			runOnlyForDeploymentPostprocessing = 0;
		};
/* End PBXFrameworksBuildPhase section */

/* Begin PBXGroup section */
		449990042900BBCB00A291A0 = {
			isa = PBXGroup;
			children = (
				4499900F2900BBCB00A291A0 /* SimpleWeather */,
				4499900E2900BBCB00A291A0 /* Products */,
				B7B58DA8F09A669820D2ACF5 /* Pods */,
				97445D6D30C74AC61336C997 /* Frameworks */,
			);
			sourceTree = "<group>";
		};
		4499900E2900BBCB00A291A0 /* Products */ = {
			isa = PBXGroup;
			children = (
				4499900D2900BBCB00A291A0 /* SimpleWeather.app */,
			);
			name = Products;
			sourceTree = "<group>";
		};
		4499900F2900BBCB00A291A0 /* SimpleWeather */ = {
			isa = PBXGroup;
			children = (
				44A86D872900CDB900F8C910 /* Extensions */,
				44A86D822900C50E00F8C910 /* API */,
				44A86D7F2900C47600F8C910 /* Models */,
				449990102900BBCB00A291A0 /* SimpleWeatherApp.swift */,
				449990122900BBCB00A291A0 /* ForecastView.swift */,
				443B328B29033A1100C87545 /* WeatherCellView.swift */,
				449990242900BD3800A291A0 /* ForecastDetailsView.swift */,
				449990262900BD6200A291A0 /* CitiesView.swift */,
				449990282900BD7A00A291A0 /* AddCityView.swift */,
				449990142900BBCD00A291A0 /* Assets.xcassets */,
				449990192900BBCD00A291A0 /* Persistence.swift */,
				4499901E2900BBCD00A291A0 /* Info.plist */,
				4499902A2900BDA100A291A0 /* API-Config.plist */,
				4499901B2900BBCD00A291A0 /* SimpleWeather.xcdatamodeld */,
				449990162900BBCD00A291A0 /* Preview Content */,
			);
			path = SimpleWeather;
			sourceTree = "<group>";
		};
		449990162900BBCD00A291A0 /* Preview Content */ = {
			isa = PBXGroup;
			children = (
				449990172900BBCD00A291A0 /* Preview Assets.xcassets */,
			);
			path = "Preview Content";
			sourceTree = "<group>";
		};
		44A86D7F2900C47600F8C910 /* Models */ = {
			isa = PBXGroup;
			children = (
				44A86D852900C70F00F8C910 /* WeatherData.swift */,
				44A86D802900C48200F8C910 /* APIConfig.swift */,
			);
			path = Models;
			sourceTree = "<group>";
		};
		44A86D822900C50E00F8C910 /* API */ = {
			isa = PBXGroup;
			children = (
				44A86D832900C51A00F8C910 /* WeatherClient.swift */,
			);
			path = API;
			sourceTree = "<group>";
		};
		44A86D872900CDB900F8C910 /* Extensions */ = {
			isa = PBXGroup;
			children = (
				44A86D882900CDCF00F8C910 /* WeatherLocation+Helpers.swift */,
				443B328D29033BE600C87545 /* WeatherData+Helpers.swift */,
				443B328F29033C4100C87545 /* Locale+Helpers.swift */,
				443B329129035F5C00C87545 /* MeasurementFormatter+Helpers.swift */,
			);
			path = Extensions;
			sourceTree = "<group>";
		};
		97445D6D30C74AC61336C997 /* Frameworks */ = {
			isa = PBXGroup;
			children = (
				75A7D4989DCC545D5E858FAA /* Pods_SimpleWeather.framework */,
			);
			name = Frameworks;
			sourceTree = "<group>";
		};
		B7B58DA8F09A669820D2ACF5 /* Pods */ = {
			isa = PBXGroup;
			children = (
				DBE3C5C60A7A3BA651FC3A27 /* Pods-SimpleWeather.debug.xcconfig */,
				2C589E7C9EB3E69B0D749659 /* Pods-SimpleWeather.release.xcconfig */,
			);
			path = Pods;
			sourceTree = "<group>";
		};
/* End PBXGroup section */

/* Begin PBXNativeTarget section */
		4499900C2900BBCB00A291A0 /* SimpleWeather */ = {
			isa = PBXNativeTarget;
			buildConfigurationList = 449990212900BBCD00A291A0 /* Build configuration list for PBXNativeTarget "SimpleWeather" */;
			buildPhases = (
				70EBE114DCBAEDA3F8340154 /* [CP] Check Pods Manifest.lock */,
				449990092900BBCB00A291A0 /* Sources */,
				4499900A2900BBCB00A291A0 /* Frameworks */,
				4499900B2900BBCB00A291A0 /* Resources */,
				E54F1D03D29F8B8E8CC2D533 /* [CP] Copy Pods Resources */,
			);
			buildRules = (
			);
			dependencies = (
			);
			name = SimpleWeather;
			productName = SimpleWeather;
			productReference = 4499900D2900BBCB00A291A0 /* SimpleWeather.app */;
			productType = "com.apple.product-type.application";
		};
/* End PBXNativeTarget section */

/* Begin PBXProject section */
		449990052900BBCB00A291A0 /* Project object */ = {
			isa = PBXProject;
			attributes = {
				BuildIndependentTargetsInParallel = 1;
				LastSwiftUpdateCheck = 1400;
				LastUpgradeCheck = 1400;
				TargetAttributes = {
					4499900C2900BBCB00A291A0 = {
						CreatedOnToolsVersion = 14.0.1;
					};
				};
			};
			buildConfigurationList = 449990082900BBCB00A291A0 /* Build configuration list for PBXProject "SimpleWeather" */;
			compatibilityVersion = "Xcode 14.0";
			developmentRegion = en;
			hasScannedForEncodings = 0;
			knownRegions = (
				en,
				Base,
			);
			mainGroup = 449990042900BBCB00A291A0;
			productRefGroup = 4499900E2900BBCB00A291A0 /* Products */;
			projectDirPath = "";
			projectRoot = "";
			targets = (
				4499900C2900BBCB00A291A0 /* SimpleWeather */,
			);
		};
/* End PBXProject section */

/* Begin PBXResourcesBuildPhase section */
		4499900B2900BBCB00A291A0 /* Resources */ = {
			isa = PBXResourcesBuildPhase;
			buildActionMask = 2147483647;
			files = (
				449990182900BBCD00A291A0 /* Preview Assets.xcassets in Resources */,
				4499902B2900BDA100A291A0 /* API-Config.plist in Resources */,
				449990152900BBCD00A291A0 /* Assets.xcassets in Resources */,
			);
			runOnlyForDeploymentPostprocessing = 0;
		};
/* End PBXResourcesBuildPhase section */

/* Begin PBXShellScriptBuildPhase section */
		70EBE114DCBAEDA3F8340154 /* [CP] Check Pods Manifest.lock */ = {
			isa = PBXShellScriptBuildPhase;
			buildActionMask = 2147483647;
			files = (
			);
			inputFileListPaths = (
			);
			inputPaths = (
				"${PODS_PODFILE_DIR_PATH}/Podfile.lock",
				"${PODS_ROOT}/Manifest.lock",
			);
			name = "[CP] Check Pods Manifest.lock";
			outputFileListPaths = (
			);
			outputPaths = (
				"$(DERIVED_FILE_DIR)/Pods-SimpleWeather-checkManifestLockResult.txt",
			);
			runOnlyForDeploymentPostprocessing = 0;
			shellPath = /bin/sh;
			shellScript = "diff \"${PODS_PODFILE_DIR_PATH}/Podfile.lock\" \"${PODS_ROOT}/Manifest.lock\" > /dev/null\nif [ $? != 0 ] ; then\n    # print error to STDERR\n    echo \"error: The sandbox is not in sync with the Podfile.lock. Run 'pod install' or update your CocoaPods installation.\" >&2\n    exit 1\nfi\n# This output is used by Xcode 'outputs' to avoid re-running this script phase.\necho \"SUCCESS\" > \"${SCRIPT_OUTPUT_FILE_0}\"\n";
			showEnvVarsInLog = 0;
		};
		E54F1D03D29F8B8E8CC2D533 /* [CP] Copy Pods Resources */ = {
			isa = PBXShellScriptBuildPhase;
			buildActionMask = 2147483647;
			files = (
			);
			inputFileListPaths = (
				"${PODS_ROOT}/Target Support Files/Pods-SimpleWeather/Pods-SimpleWeather-resources-${CONFIGURATION}-input-files.xcfilelist",
			);
			name = "[CP] Copy Pods Resources";
			outputFileListPaths = (
				"${PODS_ROOT}/Target Support Files/Pods-SimpleWeather/Pods-SimpleWeather-resources-${CONFIGURATION}-output-files.xcfilelist",
			);
			runOnlyForDeploymentPostprocessing = 0;
			shellPath = /bin/sh;
			shellScript = "\"${PODS_ROOT}/Target Support Files/Pods-SimpleWeather/Pods-SimpleWeather-resources.sh\"\n";
			showEnvVarsInLog = 0;
		};
/* End PBXShellScriptBuildPhase section */

/* Begin PBXSourcesBuildPhase section */
		449990092900BBCB00A291A0 /* Sources */ = {
			isa = PBXSourcesBuildPhase;
			buildActionMask = 2147483647;
			files = (
				449990252900BD3800A291A0 /* ForecastDetailsView.swift in Sources */,
				4499901D2900BBCD00A291A0 /* SimpleWeather.xcdatamodeld in Sources */,
				443B329229035F5C00C87545 /* MeasurementFormatter+Helpers.swift in Sources */,
				44A86D842900C51A00F8C910 /* WeatherClient.swift in Sources */,
				44A86D812900C48200F8C910 /* APIConfig.swift in Sources */,
				4499901A2900BBCD00A291A0 /* Persistence.swift in Sources */,
				449990132900BBCB00A291A0 /* ForecastView.swift in Sources */,
				443B328E29033BE600C87545 /* WeatherData+Helpers.swift in Sources */,
				44A86D862900C70F00F8C910 /* WeatherData.swift in Sources */,
				449990112900BBCB00A291A0 /* SimpleWeatherApp.swift in Sources */,
				443B329029033C4100C87545 /* Locale+Helpers.swift in Sources */,
				44A86D892900CDCF00F8C910 /* WeatherLocation+Helpers.swift in Sources */,
				449990272900BD6200A291A0 /* CitiesView.swift in Sources */,
				449990292900BD7A00A291A0 /* AddCityView.swift in Sources */,
				443B328C29033A1100C87545 /* WeatherCellView.swift in Sources */,
			);
			runOnlyForDeploymentPostprocessing = 0;
		};
/* End PBXSourcesBuildPhase section */

/* Begin XCBuildConfiguration section */
		4499901F2900BBCD00A291A0 /* Debug */ = {
			isa = XCBuildConfiguration;
			buildSettings = {
				ALWAYS_SEARCH_USER_PATHS = NO;
				CLANG_ANALYZER_NONNULL = YES;
				CLANG_ANALYZER_NUMBER_OBJECT_CONVERSION = YES_AGGRESSIVE;
				CLANG_CXX_LANGUAGE_STANDARD = "gnu++20";
				CLANG_ENABLE_MODULES = YES;
				CLANG_ENABLE_OBJC_ARC = YES;
				CLANG_ENABLE_OBJC_WEAK = YES;
				CLANG_WARN_BLOCK_CAPTURE_AUTORELEASING = YES;
				CLANG_WARN_BOOL_CONVERSION = YES;
				CLANG_WARN_COMMA = YES;
				CLANG_WARN_CONSTANT_CONVERSION = YES;
				CLANG_WARN_DEPRECATED_OBJC_IMPLEMENTATIONS = YES;
				CLANG_WARN_DIRECT_OBJC_ISA_USAGE = YES_ERROR;
				CLANG_WARN_DOCUMENTATION_COMMENTS = YES;
				CLANG_WARN_EMPTY_BODY = YES;
				CLANG_WARN_ENUM_CONVERSION = YES;
				CLANG_WARN_INFINITE_RECURSION = YES;
				CLANG_WARN_INT_CONVERSION = YES;
				CLANG_WARN_NON_LITERAL_NULL_CONVERSION = YES;
				CLANG_WARN_OBJC_IMPLICIT_RETAIN_SELF = YES;
				CLANG_WARN_OBJC_LITERAL_CONVERSION = YES;
				CLANG_WARN_OBJC_ROOT_CLASS = YES_ERROR;
				CLANG_WARN_QUOTED_INCLUDE_IN_FRAMEWORK_HEADER = YES;
				CLANG_WARN_RANGE_LOOP_ANALYSIS = YES;
				CLANG_WARN_STRICT_PROTOTYPES = YES;
				CLANG_WARN_SUSPICIOUS_MOVE = YES;
				CLANG_WARN_UNGUARDED_AVAILABILITY = YES_AGGRESSIVE;
				CLANG_WARN_UNREACHABLE_CODE = YES;
				CLANG_WARN__DUPLICATE_METHOD_MATCH = YES;
				COPY_PHASE_STRIP = NO;
				DEBUG_INFORMATION_FORMAT = dwarf;
				ENABLE_STRICT_OBJC_MSGSEND = YES;
				ENABLE_TESTABILITY = YES;
				GCC_C_LANGUAGE_STANDARD = gnu11;
				GCC_DYNAMIC_NO_PIC = NO;
				GCC_NO_COMMON_BLOCKS = YES;
				GCC_OPTIMIZATION_LEVEL = 0;
				GCC_PREPROCESSOR_DEFINITIONS = (
					"DEBUG=1",
					"$(inherited)",
				);
				GCC_WARN_64_TO_32_BIT_CONVERSION = YES;
				GCC_WARN_ABOUT_RETURN_TYPE = YES_ERROR;
				GCC_WARN_UNDECLARED_SELECTOR = YES;
				GCC_WARN_UNINITIALIZED_AUTOS = YES_AGGRESSIVE;
				GCC_WARN_UNUSED_FUNCTION = YES;
				GCC_WARN_UNUSED_VARIABLE = YES;
				IPHONEOS_DEPLOYMENT_TARGET = 16.0;
				MTL_ENABLE_DEBUG_INFO = INCLUDE_SOURCE;
				MTL_FAST_MATH = YES;
				ONLY_ACTIVE_ARCH = YES;
				SDKROOT = iphoneos;
				SWIFT_ACTIVE_COMPILATION_CONDITIONS = DEBUG;
				SWIFT_OPTIMIZATION_LEVEL = "-Onone";
			};
			name = Debug;
		};
		449990202900BBCD00A291A0 /* Release */ = {
			isa = XCBuildConfiguration;
			buildSettings = {
				ALWAYS_SEARCH_USER_PATHS = NO;
				CLANG_ANALYZER_NONNULL = YES;
				CLANG_ANALYZER_NUMBER_OBJECT_CONVERSION = YES_AGGRESSIVE;
				CLANG_CXX_LANGUAGE_STANDARD = "gnu++20";
				CLANG_ENABLE_MODULES = YES;
				CLANG_ENABLE_OBJC_ARC = YES;
				CLANG_ENABLE_OBJC_WEAK = YES;
				CLANG_WARN_BLOCK_CAPTURE_AUTORELEASING = YES;
				CLANG_WARN_BOOL_CONVERSION = YES;
				CLANG_WARN_COMMA = YES;
				CLANG_WARN_CONSTANT_CONVERSION = YES;
				CLANG_WARN_DEPRECATED_OBJC_IMPLEMENTATIONS = YES;
				CLANG_WARN_DIRECT_OBJC_ISA_USAGE = YES_ERROR;
				CLANG_WARN_DOCUMENTATION_COMMENTS = YES;
				CLANG_WARN_EMPTY_BODY = YES;
				CLANG_WARN_ENUM_CONVERSION = YES;
				CLANG_WARN_INFINITE_RECURSION = YES;
				CLANG_WARN_INT_CONVERSION = YES;
				CLANG_WARN_NON_LITERAL_NULL_CONVERSION = YES;
				CLANG_WARN_OBJC_IMPLICIT_RETAIN_SELF = YES;
				CLANG_WARN_OBJC_LITERAL_CONVERSION = YES;
				CLANG_WARN_OBJC_ROOT_CLASS = YES_ERROR;
				CLANG_WARN_QUOTED_INCLUDE_IN_FRAMEWORK_HEADER = YES;
				CLANG_WARN_RANGE_LOOP_ANALYSIS = YES;
				CLANG_WARN_STRICT_PROTOTYPES = YES;
				CLANG_WARN_SUSPICIOUS_MOVE = YES;
				CLANG_WARN_UNGUARDED_AVAILABILITY = YES_AGGRESSIVE;
				CLANG_WARN_UNREACHABLE_CODE = YES;
				CLANG_WARN__DUPLICATE_METHOD_MATCH = YES;
				COPY_PHASE_STRIP = NO;
				DEBUG_INFORMATION_FORMAT = "dwarf-with-dsym";
				ENABLE_NS_ASSERTIONS = NO;
				ENABLE_STRICT_OBJC_MSGSEND = YES;
				GCC_C_LANGUAGE_STANDARD = gnu11;
				GCC_NO_COMMON_BLOCKS = YES;
				GCC_WARN_64_TO_32_BIT_CONVERSION = YES;
				GCC_WARN_ABOUT_RETURN_TYPE = YES_ERROR;
				GCC_WARN_UNDECLARED_SELECTOR = YES;
				GCC_WARN_UNINITIALIZED_AUTOS = YES_AGGRESSIVE;
				GCC_WARN_UNUSED_FUNCTION = YES;
				GCC_WARN_UNUSED_VARIABLE = YES;
				IPHONEOS_DEPLOYMENT_TARGET = 16.0;
				MTL_ENABLE_DEBUG_INFO = NO;
				MTL_FAST_MATH = YES;
				SDKROOT = iphoneos;
				SWIFT_COMPILATION_MODE = wholemodule;
				SWIFT_OPTIMIZATION_LEVEL = "-O";
				VALIDATE_PRODUCT = YES;
			};
			name = Release;
		};
		449990222900BBCD00A291A0 /* Debug */ = {
			isa = XCBuildConfiguration;
			baseConfigurationReference = DBE3C5C60A7A3BA651FC3A27 /* Pods-SimpleWeather.debug.xcconfig */;
			buildSettings = {
				ASSETCATALOG_COMPILER_APPICON_NAME = AppIcon;
				ASSETCATALOG_COMPILER_GLOBAL_ACCENT_COLOR_NAME = AccentColor;
				CODE_SIGN_STYLE = Automatic;
				CURRENT_PROJECT_VERSION = 1;
				DEVELOPMENT_ASSET_PATHS = "\"SimpleWeather/Preview Content\"";
				DEVELOPMENT_TEAM = BR8CHTSE9B;
				ENABLE_PREVIEWS = YES;
				GENERATE_INFOPLIST_FILE = YES;
				INFOPLIST_KEY_UIApplicationSceneManifest_Generation = YES;
				INFOPLIST_KEY_UIApplicationSupportsIndirectInputEvents = YES;
				INFOPLIST_KEY_UILaunchScreen_Generation = YES;
				INFOPLIST_KEY_UISupportedInterfaceOrientations_iPad = "UIInterfaceOrientationPortrait UIInterfaceOrientationPortraitUpsideDown UIInterfaceOrientationLandscapeLeft UIInterfaceOrientationLandscapeRight";
				INFOPLIST_KEY_UISupportedInterfaceOrientations_iPhone = "UIInterfaceOrientationPortrait UIInterfaceOrientationLandscapeLeft UIInterfaceOrientationLandscapeRight";
				LD_RUNPATH_SEARCH_PATHS = (
					"$(inherited)",
					"@executable_path/Frameworks",
				);
				MARKETING_VERSION = 1.0;
				PRODUCT_BUNDLE_IDENTIFIER = org.ryangilbert.SimpleWeather;
				PRODUCT_NAME = "$(TARGET_NAME)";
				SWIFT_EMIT_LOC_STRINGS = YES;
				SWIFT_VERSION = 5.0;
				TARGETED_DEVICE_FAMILY = "1,2";
			};
			name = Debug;
		};
		449990232900BBCD00A291A0 /* Release */ = {
			isa = XCBuildConfiguration;
			baseConfigurationReference = 2C589E7C9EB3E69B0D749659 /* Pods-SimpleWeather.release.xcconfig */;
			buildSettings = {
				ASSETCATALOG_COMPILER_APPICON_NAME = AppIcon;
				ASSETCATALOG_COMPILER_GLOBAL_ACCENT_COLOR_NAME = AccentColor;
				CODE_SIGN_STYLE = Automatic;
				CURRENT_PROJECT_VERSION = 1;
				DEVELOPMENT_ASSET_PATHS = "\"SimpleWeather/Preview Content\"";
				DEVELOPMENT_TEAM = BR8CHTSE9B;
				ENABLE_PREVIEWS = YES;
				GENERATE_INFOPLIST_FILE = YES;
				INFOPLIST_KEY_UIApplicationSceneManifest_Generation = YES;
				INFOPLIST_KEY_UIApplicationSupportsIndirectInputEvents = YES;
				INFOPLIST_KEY_UILaunchScreen_Generation = YES;
				INFOPLIST_KEY_UISupportedInterfaceOrientations_iPad = "UIInterfaceOrientationPortrait UIInterfaceOrientationPortraitUpsideDown UIInterfaceOrientationLandscapeLeft UIInterfaceOrientationLandscapeRight";
				INFOPLIST_KEY_UISupportedInterfaceOrientations_iPhone = "UIInterfaceOrientationPortrait UIInterfaceOrientationLandscapeLeft UIInterfaceOrientationLandscapeRight";
				LD_RUNPATH_SEARCH_PATHS = (
					"$(inherited)",
					"@executable_path/Frameworks",
				);
				MARKETING_VERSION = 1.0;
				PRODUCT_BUNDLE_IDENTIFIER = org.ryangilbert.SimpleWeather;
				PRODUCT_NAME = "$(TARGET_NAME)";
				SWIFT_EMIT_LOC_STRINGS = YES;
				SWIFT_VERSION = 5.0;
				TARGETED_DEVICE_FAMILY = "1,2";
			};
			name = Release;
		};
/* End XCBuildConfiguration section */

/* Begin XCConfigurationList section */
		449990082900BBCB00A291A0 /* Build configuration list for PBXProject "SimpleWeather" */ = {
			isa = XCConfigurationList;
			buildConfigurations = (
				4499901F2900BBCD00A291A0 /* Debug */,
				449990202900BBCD00A291A0 /* Release */,
			);
			defaultConfigurationIsVisible = 0;
			defaultConfigurationName = Release;
		};
		449990212900BBCD00A291A0 /* Build configuration list for PBXNativeTarget "SimpleWeather" */ = {
			isa = XCConfigurationList;
			buildConfigurations = (
				449990222900BBCD00A291A0 /* Debug */,
				449990232900BBCD00A291A0 /* Release */,
			);
			defaultConfigurationIsVisible = 0;
			defaultConfigurationName = Release;
		};
/* End XCConfigurationList section */

/* Begin XCVersionGroup section */
		4499901B2900BBCD00A291A0 /* SimpleWeather.xcdatamodeld */ = {
			isa = XCVersionGroup;
			children = (
				4499901C2900BBCD00A291A0 /* SimpleWeather.xcdatamodel */,
			);
			currentVersion = 4499901C2900BBCD00A291A0 /* SimpleWeather.xcdatamodel */;
			path = SimpleWeather.xcdatamodeld;
			sourceTree = "<group>";
			versionGroupType = wrapper.xcdatamodel;
		};
/* End XCVersionGroup section */
	};
	rootObject = 449990052900BBCB00A291A0 /* Project object */;
}
